
Microsoft Visual Studio Solution File, Format Version 12.00
# Visual Studio Version 17
VisualStudioVersion = 17.8.34408.163
MinimumVisualStudioVersion = 10.0.40219.1
Project("{2150E333-8FDC-42A3-9474-1A3956D46DE8}") = "Source", "Source", "{2BB078A3-1407-41F3-844B-E28A1C55DC5B}"
EndProject
Project("{2150E333-8FDC-42A3-9474-1A3956D46DE8}") = "Backend", "Backend", "{9D518806-CE59-4BE3-8A89-02A2C277606E}"
EndProject
Project("{2150E333-8FDC-42A3-9474-1A3956D46DE8}") = "Platforms", "Platforms", "{3A0041E8-36DC-4A13-826E-08AEF04F2499}"
EndProject
Project("{2150E333-8FDC-42A3-9474-1A3956D46DE8}") = "Tests", "Tests", "{BE7E5341-7236-4D2E-A9ED-0577B2FA36D5}"
EndProject
Project("{9A19103F-16F7-4668-BE54-9A1E7A4F7556}") = "UnoApp1.DataContracts", "UnoApp1\UnoApp1.DataContracts\UnoApp1.DataContracts.csproj", "{73584D60-EB1C-49E4-A1FF-D35A2DD4D773}"
EndProject
Project("{9A19103F-16F7-4668-BE54-9A1E7A4F7556}") = "UnoApp1", "UnoApp1\UnoApp1\UnoApp1.csproj", "{97FF6609-BC15-4068-9234-26842DBD3742}"
EndProject
Project("{9A19103F-16F7-4668-BE54-9A1E7A4F7556}") = "UnoApp1.Tests", "UnoApp1\UnoApp1.Tests\UnoApp1.Tests.csproj", "{70FAEFB8-06FC-4ADD-B2C0-889B56A0D2AA}"
EndProject
Project("{9A19103F-16F7-4668-BE54-9A1E7A4F7556}") = "UnoApp1.UITests", "UnoApp1\UnoApp1.UITests\UnoApp1.UITests.csproj", "{A17F6AFB-56DC-4FBB-8435-9B7B92E90E30}"
EndProject
Project("{9A19103F-16F7-4668-BE54-9A1E7A4F7556}") = "UnoApp1.Shared", "UnoApp1\UnoApp1.Shared\UnoApp1.Shared.csproj", "{E8651ADD-B2DB-436A-AEE0-48C4EE6EA3A5}"
EndProject
Project("{9A19103F-16F7-4668-BE54-9A1E7A4F7556}") = "UnoApp1.Windows", "UnoApp1\UnoApp1.Windows\UnoApp1.Windows.csproj", "{E9C37A82-5EC1-4ED1-ADAD-3DAD5527226A}"
EndProject
Project("{9A19103F-16F7-4668-BE54-9A1E7A4F7556}") = "UnoApp1.Skia.Gtk", "UnoApp1\UnoApp1.Skia.Gtk\UnoApp1.Skia.Gtk.csproj", "{8ABE6126-80BB-4976-97BB-C3D925E54F2B}"
EndProject
Project("{9A19103F-16F7-4668-BE54-9A1E7A4F7556}") = "UnoApp1.Server", "UnoApp1\UnoApp1.Server\UnoApp1.Server.csproj", "{5865EFA2-F254-492A-8089-4CA0B985280C}"
EndProject
Project("{2150E333-8FDC-42A3-9474-1A3956D46DE8}") = "Solution Items", "Solution Items", "{37A8E4F5-43B9-4BE9-9E7F-4918853C0F44}"
	ProjectSection(SolutionItems) = preProject
		UnoApp1\.gitignore = UnoApp1\.gitignore
		UnoApp1\Directory.Build.props = UnoApp1\Directory.Build.props
		UnoApp1\Directory.Build.targets = UnoApp1\Directory.Build.targets
		UnoApp1\Directory.Packages.props = UnoApp1\Directory.Packages.props
		UnoApp1\solution-config.props.sample = UnoApp1\solution-config.props.sample
	EndProjectSection
EndProject
Global
	GlobalSection(SolutionConfigurationPlatforms) = preSolution
		Debug|Any CPU = Debug|Any CPU
		Debug|arm64 = Debug|arm64
		Debug|x64 = Debug|x64
		Debug|x86 = Debug|x86
		Release|Any CPU = Release|Any CPU
		Release|arm64 = Release|arm64
		Release|x64 = Release|x64
		Release|x86 = Release|x86
	EndGlobalSection
	GlobalSection(ProjectConfigurationPlatforms) = postSolution
		{73584D60-EB1C-49E4-A1FF-D35A2DD4D773}.Debug|Any CPU.ActiveCfg = Debug|Any CPU
		{73584D60-EB1C-49E4-A1FF-D35A2DD4D773}.Debug|Any CPU.Build.0 = Debug|Any CPU
		{73584D60-EB1C-49E4-A1FF-D35A2DD4D773}.Debug|arm64.ActiveCfg = Debug|Any CPU
		{73584D60-EB1C-49E4-A1FF-D35A2DD4D773}.Debug|arm64.Build.0 = Debug|Any CPU
		{73584D60-EB1C-49E4-A1FF-D35A2DD4D773}.Debug|x64.ActiveCfg = Debug|Any CPU
		{73584D60-EB1C-49E4-A1FF-D35A2DD4D773}.Debug|x64.Build.0 = Debug|Any CPU
		{73584D60-EB1C-49E4-A1FF-D35A2DD4D773}.Debug|x86.ActiveCfg = Debug|Any CPU
		{73584D60-EB1C-49E4-A1FF-D35A2DD4D773}.Debug|x86.Build.0 = Debug|Any CPU
		{73584D60-EB1C-49E4-A1FF-D35A2DD4D773}.Release|Any CPU.ActiveCfg = Release|Any CPU
		{73584D60-EB1C-49E4-A1FF-D35A2DD4D773}.Release|Any CPU.Build.0 = Release|Any CPU
		{73584D60-EB1C-49E4-A1FF-D35A2DD4D773}.Release|arm64.ActiveCfg = Release|Any CPU
		{73584D60-EB1C-49E4-A1FF-D35A2DD4D773}.Release|arm64.Build.0 = Release|Any CPU
		{73584D60-EB1C-49E4-A1FF-D35A2DD4D773}.Release|x64.ActiveCfg = Release|Any CPU
		{73584D60-EB1C-49E4-A1FF-D35A2DD4D773}.Release|x64.Build.0 = Release|Any CPU
		{73584D60-EB1C-49E4-A1FF-D35A2DD4D773}.Release|x86.ActiveCfg = Release|Any CPU
		{73584D60-EB1C-49E4-A1FF-D35A2DD4D773}.Release|x86.Build.0 = Release|Any CPU
		{97FF6609-BC15-4068-9234-26842DBD3742}.Debug|Any CPU.ActiveCfg = Debug|Any CPU
		{97FF6609-BC15-4068-9234-26842DBD3742}.Debug|Any CPU.Build.0 = Debug|Any CPU
		{97FF6609-BC15-4068-9234-26842DBD3742}.Debug|arm64.ActiveCfg = Debug|Any CPU
		{97FF6609-BC15-4068-9234-26842DBD3742}.Debug|arm64.Build.0 = Debug|Any CPU
		{97FF6609-BC15-4068-9234-26842DBD3742}.Debug|x64.ActiveCfg = Debug|Any CPU
		{97FF6609-BC15-4068-9234-26842DBD3742}.Debug|x64.Build.0 = Debug|Any CPU
		{97FF6609-BC15-4068-9234-26842DBD3742}.Debug|x86.ActiveCfg = Debug|Any CPU
		{97FF6609-BC15-4068-9234-26842DBD3742}.Debug|x86.Build.0 = Debug|Any CPU
		{97FF6609-BC15-4068-9234-26842DBD3742}.Release|Any CPU.ActiveCfg = Release|Any CPU
		{97FF6609-BC15-4068-9234-26842DBD3742}.Release|Any CPU.Build.0 = Release|Any CPU
		{97FF6609-BC15-4068-9234-26842DBD3742}.Release|arm64.ActiveCfg = Release|Any CPU
		{97FF6609-BC15-4068-9234-26842DBD3742}.Release|arm64.Build.0 = Release|Any CPU
		{97FF6609-BC15-4068-9234-26842DBD3742}.Release|x64.ActiveCfg = Release|Any CPU
		{97FF6609-BC15-4068-9234-26842DBD3742}.Release|x64.Build.0 = Release|Any CPU
		{97FF6609-BC15-4068-9234-26842DBD3742}.Release|x86.ActiveCfg = Release|Any CPU
		{97FF6609-BC15-4068-9234-26842DBD3742}.Release|x86.Build.0 = Release|Any CPU
		{70FAEFB8-06FC-4ADD-B2C0-889B56A0D2AA}.Debug|Any CPU.ActiveCfg = Debug|Any CPU
		{70FAEFB8-06FC-4ADD-B2C0-889B56A0D2AA}.Debug|Any CPU.Build.0 = Debug|Any CPU
		{70FAEFB8-06FC-4ADD-B2C0-889B56A0D2AA}.Debug|arm64.ActiveCfg = Debug|Any CPU
		{70FAEFB8-06FC-4ADD-B2C0-889B56A0D2AA}.Debug|arm64.Build.0 = Debug|Any CPU
		{70FAEFB8-06FC-4ADD-B2C0-889B56A0D2AA}.Debug|x64.ActiveCfg = Debug|Any CPU
		{70FAEFB8-06FC-4ADD-B2C0-889B56A0D2AA}.Debug|x64.Build.0 = Debug|Any CPU
		{70FAEFB8-06FC-4ADD-B2C0-889B56A0D2AA}.Debug|x86.ActiveCfg = Debug|Any CPU
		{70FAEFB8-06FC-4ADD-B2C0-889B56A0D2AA}.Debug|x86.Build.0 = Debug|Any CPU
		{70FAEFB8-06FC-4ADD-B2C0-889B56A0D2AA}.Release|Any CPU.ActiveCfg = Release|Any CPU
		{70FAEFB8-06FC-4ADD-B2C0-889B56A0D2AA}.Release|Any CPU.Build.0 = Release|Any CPU
		{70FAEFB8-06FC-4ADD-B2C0-889B56A0D2AA}.Release|arm64.ActiveCfg = Release|Any CPU
		{70FAEFB8-06FC-4ADD-B2C0-889B56A0D2AA}.Release|arm64.Build.0 = Release|Any CPU
		{70FAEFB8-06FC-4ADD-B2C0-889B56A0D2AA}.Release|x64.ActiveCfg = Release|Any CPU
		{70FAEFB8-06FC-4ADD-B2C0-889B56A0D2AA}.Release|x64.Build.0 = Release|Any CPU
		{70FAEFB8-06FC-4ADD-B2C0-889B56A0D2AA}.Release|x86.ActiveCfg = Release|Any CPU
		{70FAEFB8-06FC-4ADD-B2C0-889B56A0D2AA}.Release|x86.Build.0 = Release|Any CPU
		{A17F6AFB-56DC-4FBB-8435-9B7B92E90E30}.Debug|Any CPU.ActiveCfg = Debug|Any CPU
		{A17F6AFB-56DC-4FBB-8435-9B7B92E90E30}.Debug|Any CPU.Build.0 = Debug|Any CPU
		{A17F6AFB-56DC-4FBB-8435-9B7B92E90E30}.Debug|arm64.ActiveCfg = Debug|Any CPU
		{A17F6AFB-56DC-4FBB-8435-9B7B92E90E30}.Debug|arm64.Build.0 = Debug|Any CPU
		{A17F6AFB-56DC-4FBB-8435-9B7B92E90E30}.Debug|x64.ActiveCfg = Debug|Any CPU
		{A17F6AFB-56DC-4FBB-8435-9B7B92E90E30}.Debug|x64.Build.0 = Debug|Any CPU
		{A17F6AFB-56DC-4FBB-8435-9B7B92E90E30}.Debug|x86.ActiveCfg = Debug|Any CPU
		{A17F6AFB-56DC-4FBB-8435-9B7B92E90E30}.Debug|x86.Build.0 = Debug|Any CPU
		{A17F6AFB-56DC-4FBB-8435-9B7B92E90E30}.Release|Any CPU.ActiveCfg = Release|Any CPU
		{A17F6AFB-56DC-4FBB-8435-9B7B92E90E30}.Release|Any CPU.Build.0 = Release|Any CPU
		{A17F6AFB-56DC-4FBB-8435-9B7B92E90E30}.Release|arm64.ActiveCfg = Release|Any CPU
		{A17F6AFB-56DC-4FBB-8435-9B7B92E90E30}.Release|arm64.Build.0 = Release|Any CPU
		{A17F6AFB-56DC-4FBB-8435-9B7B92E90E30}.Release|x64.ActiveCfg = Release|Any CPU
		{A17F6AFB-56DC-4FBB-8435-9B7B92E90E30}.Release|x64.Build.0 = Release|Any CPU
		{A17F6AFB-56DC-4FBB-8435-9B7B92E90E30}.Release|x86.ActiveCfg = Release|Any CPU
		{A17F6AFB-56DC-4FBB-8435-9B7B92E90E30}.Release|x86.Build.0 = Release|Any CPU
		{E8651ADD-B2DB-436A-AEE0-48C4EE6EA3A5}.Debug|Any CPU.ActiveCfg = Debug|Any CPU
		{E8651ADD-B2DB-436A-AEE0-48C4EE6EA3A5}.Debug|Any CPU.Build.0 = Debug|Any CPU
		{E8651ADD-B2DB-436A-AEE0-48C4EE6EA3A5}.Debug|arm64.ActiveCfg = Debug|Any CPU
		{E8651ADD-B2DB-436A-AEE0-48C4EE6EA3A5}.Debug|arm64.Build.0 = Debug|Any CPU
		{E8651ADD-B2DB-436A-AEE0-48C4EE6EA3A5}.Debug|x64.ActiveCfg = Debug|Any CPU
		{E8651ADD-B2DB-436A-AEE0-48C4EE6EA3A5}.Debug|x64.Build.0 = Debug|Any CPU
		{E8651ADD-B2DB-436A-AEE0-48C4EE6EA3A5}.Debug|x86.ActiveCfg = Debug|Any CPU
		{E8651ADD-B2DB-436A-AEE0-48C4EE6EA3A5}.Debug|x86.Build.0 = Debug|Any CPU
		{E8651ADD-B2DB-436A-AEE0-48C4EE6EA3A5}.Release|Any CPU.ActiveCfg = Release|Any CPU
		{E8651ADD-B2DB-436A-AEE0-48C4EE6EA3A5}.Release|Any CPU.Build.0 = Release|Any CPU
		{E8651ADD-B2DB-436A-AEE0-48C4EE6EA3A5}.Release|arm64.ActiveCfg = Release|Any CPU
		{E8651ADD-B2DB-436A-AEE0-48C4EE6EA3A5}.Release|arm64.Build.0 = Release|Any CPU
		{E8651ADD-B2DB-436A-AEE0-48C4EE6EA3A5}.Release|x64.ActiveCfg = Release|Any CPU
		{E8651ADD-B2DB-436A-AEE0-48C4EE6EA3A5}.Release|x64.Build.0 = Release|Any CPU
		{E8651ADD-B2DB-436A-AEE0-48C4EE6EA3A5}.Release|x86.ActiveCfg = Release|Any CPU
		{E8651ADD-B2DB-436A-AEE0-48C4EE6EA3A5}.Release|x86.Build.0 = Release|Any CPU
		{E9C37A82-5EC1-4ED1-ADAD-3DAD5527226A}.Debug|Any CPU.ActiveCfg = Debug|x64
		{E9C37A82-5EC1-4ED1-ADAD-3DAD5527226A}.Debug|Any CPU.Build.0 = Debug|x64
		{E9C37A82-5EC1-4ED1-ADAD-3DAD5527226A}.Debug|Any CPU.Deploy.0 = Debug|x64
		{E9C37A82-5EC1-4ED1-ADAD-3DAD5527226A}.Debug|arm64.ActiveCfg = Debug|arm64
		{E9C37A82-5EC1-4ED1-ADAD-3DAD5527226A}.Debug|arm64.Build.0 = Debug|arm64
		{E9C37A82-5EC1-4ED1-ADAD-3DAD5527226A}.Debug|arm64.Deploy.0 = Debug|arm64
		{E9C37A82-5EC1-4ED1-ADAD-3DAD5527226A}.Debug|x64.ActiveCfg = Debug|x64
		{E9C37A82-5EC1-4ED1-ADAD-3DAD5527226A}.Debug|x64.Build.0 = Debug|x64
		{E9C37A82-5EC1-4ED1-ADAD-3DAD5527226A}.Debug|x64.Deploy.0 = Debug|x64
		{E9C37A82-5EC1-4ED1-ADAD-3DAD5527226A}.Debug|x86.ActiveCfg = Debug|x86
		{E9C37A82-5EC1-4ED1-ADAD-3DAD5527226A}.Debug|x86.Build.0 = Debug|x86
		{E9C37A82-5EC1-4ED1-ADAD-3DAD5527226A}.Debug|x86.Deploy.0 = Debug|x86
		{E9C37A82-5EC1-4ED1-ADAD-3DAD5527226A}.Release|Any CPU.ActiveCfg = Release|x64
		{E9C37A82-5EC1-4ED1-ADAD-3DAD5527226A}.Release|Any CPU.Build.0 = Release|x64
		{E9C37A82-5EC1-4ED1-ADAD-3DAD5527226A}.Release|Any CPU.Deploy.0 = Release|x64
		{E9C37A82-5EC1-4ED1-ADAD-3DAD5527226A}.Release|arm64.ActiveCfg = Release|arm64
		{E9C37A82-5EC1-4ED1-ADAD-3DAD5527226A}.Release|arm64.Build.0 = Release|arm64
		{E9C37A82-5EC1-4ED1-ADAD-3DAD5527226A}.Release|arm64.Deploy.0 = Release|arm64
		{E9C37A82-5EC1-4ED1-ADAD-3DAD5527226A}.Release|x64.ActiveCfg = Release|x64
		{E9C37A82-5EC1-4ED1-ADAD-3DAD5527226A}.Release|x64.Build.0 = Release|x64
		{E9C37A82-5EC1-4ED1-ADAD-3DAD5527226A}.Release|x64.Deploy.0 = Release|x64
		{E9C37A82-5EC1-4ED1-ADAD-3DAD5527226A}.Release|x86.ActiveCfg = Release|x86
		{E9C37A82-5EC1-4ED1-ADAD-3DAD5527226A}.Release|x86.Build.0 = Release|x86
		{E9C37A82-5EC1-4ED1-ADAD-3DAD5527226A}.Release|x86.Deploy.0 = Release|x86
		{8ABE6126-80BB-4976-97BB-C3D925E54F2B}.Debug|Any CPU.ActiveCfg = Debug|Any CPU
		{8ABE6126-80BB-4976-97BB-C3D925E54F2B}.Debug|Any CPU.Build.0 = Debug|Any CPU
		{8ABE6126-80BB-4976-97BB-C3D925E54F2B}.Debug|arm64.ActiveCfg = Debug|Any CPU
		{8ABE6126-80BB-4976-97BB-C3D925E54F2B}.Debug|arm64.Build.0 = Debug|Any CPU
		{8ABE6126-80BB-4976-97BB-C3D925E54F2B}.Debug|x64.ActiveCfg = Debug|Any CPU
		{8ABE6126-80BB-4976-97BB-C3D925E54F2B}.Debug|x64.Build.0 = Debug|Any CPU
		{8ABE6126-80BB-4976-97BB-C3D925E54F2B}.Debug|x86.ActiveCfg = Debug|Any CPU
		{8ABE6126-80BB-4976-97BB-C3D925E54F2B}.Debug|x86.Build.0 = Debug|Any CPU
		{8ABE6126-80BB-4976-97BB-C3D925E54F2B}.Release|Any CPU.ActiveCfg = Release|Any CPU
		{8ABE6126-80BB-4976-97BB-C3D925E54F2B}.Release|Any CPU.Build.0 = Release|Any CPU
		{8ABE6126-80BB-4976-97BB-C3D925E54F2B}.Release|arm64.ActiveCfg = Release|Any CPU
		{8ABE6126-80BB-4976-97BB-C3D925E54F2B}.Release|arm64.Build.0 = Release|Any CPU
		{8ABE6126-80BB-4976-97BB-C3D925E54F2B}.Release|x64.ActiveCfg = Release|Any CPU
		{8ABE6126-80BB-4976-97BB-C3D925E54F2B}.Release|x64.Build.0 = Release|Any CPU
		{8ABE6126-80BB-4976-97BB-C3D925E54F2B}.Release|x86.ActiveCfg = Release|Any CPU
		{8ABE6126-80BB-4976-97BB-C3D925E54F2B}.Release|x86.Build.0 = Release|Any CPU
		{5865EFA2-F254-492A-8089-4CA0B985280C}.Debug|Any CPU.ActiveCfg = Debug|Any CPU
		{5865EFA2-F254-492A-8089-4CA0B985280C}.Debug|Any CPU.Build.0 = Debug|Any CPU
		{5865EFA2-F254-492A-8089-4CA0B985280C}.Debug|arm64.ActiveCfg = Debug|Any CPU
		{5865EFA2-F254-492A-8089-4CA0B985280C}.Debug|arm64.Build.0 = Debug|Any CPU
		{5865EFA2-F254-492A-8089-4CA0B985280C}.Debug|x64.ActiveCfg = Debug|Any CPU
		{5865EFA2-F254-492A-8089-4CA0B985280C}.Debug|x64.Build.0 = Debug|Any CPU
		{5865EFA2-F254-492A-8089-4CA0B985280C}.Debug|x86.ActiveCfg = Debug|Any CPU
		{5865EFA2-F254-492A-8089-4CA0B985280C}.Debug|x86.Build.0 = Debug|Any CPU
		{5865EFA2-F254-492A-8089-4CA0B985280C}.Release|Any CPU.ActiveCfg = Release|Any CPU
		{5865EFA2-F254-492A-8089-4CA0B985280C}.Release|Any CPU.Build.0 = Release|Any CPU
		{5865EFA2-F254-492A-8089-4CA0B985280C}.Release|arm64.ActiveCfg = Release|Any CPU
		{5865EFA2-F254-492A-8089-4CA0B985280C}.Release|arm64.Build.0 = Release|Any CPU
		{5865EFA2-F254-492A-8089-4CA0B985280C}.Release|x64.ActiveCfg = Release|Any CPU
		{5865EFA2-F254-492A-8089-4CA0B985280C}.Release|x64.Build.0 = Release|Any CPU
		{5865EFA2-F254-492A-8089-4CA0B985280C}.Release|x86.ActiveCfg = Release|Any CPU
		{5865EFA2-F254-492A-8089-4CA0B985280C}.Release|x86.Build.0 = Release|Any CPU
	EndGlobalSection
	GlobalSection(SolutionProperties) = preSolution
		HideSolutionNode = FALSE
	EndGlobalSection
	GlobalSection(NestedProjects) = preSolution
		{9D518806-CE59-4BE3-8A89-02A2C277606E} = {2BB078A3-1407-41F3-844B-E28A1C55DC5B}
		{3A0041E8-36DC-4A13-826E-08AEF04F2499} = {2BB078A3-1407-41F3-844B-E28A1C55DC5B}
		{73584D60-EB1C-49E4-A1FF-D35A2DD4D773} = {2BB078A3-1407-41F3-844B-E28A1C55DC5B}
		{97FF6609-BC15-4068-9234-26842DBD3742} = {2BB078A3-1407-41F3-844B-E28A1C55DC5B}
		{70FAEFB8-06FC-4ADD-B2C0-889B56A0D2AA} = {BE7E5341-7236-4D2E-A9ED-0577B2FA36D5}
		{A17F6AFB-56DC-4FBB-8435-9B7B92E90E30} = {BE7E5341-7236-4D2E-A9ED-0577B2FA36D5}
		{E8651ADD-B2DB-436A-AEE0-48C4EE6EA3A5} = {3A0041E8-36DC-4A13-826E-08AEF04F2499}
		{E9C37A82-5EC1-4ED1-ADAD-3DAD5527226A} = {3A0041E8-36DC-4A13-826E-08AEF04F2499}
		{8ABE6126-80BB-4976-97BB-C3D925E54F2B} = {3A0041E8-36DC-4A13-826E-08AEF04F2499}
		{5865EFA2-F254-492A-8089-4CA0B985280C} = {9D518806-CE59-4BE3-8A89-02A2C277606E}
	EndGlobalSection
	GlobalSection(ExtensibilityGlobals) = postSolution
		SolutionGuid = {87ED3627-D8F7-4496-B2B5-C7C9B54A604F}
	EndGlobalSection
EndGlobal
